
Microsoft Visual Studio Solution File, Format Version 12.00
# Visual Studio 15
VisualStudioVersion = 15.0.27130.2024
MinimumVisualStudioVersion = 10.0.40219.1
Project("{FAE04EC0-301F-11D3-BF4B-00C04F79EFBC}") = "Examples", "ComplexityTests\Examples.csproj", "{166075DA-E5DE-40AF-9B38-4EB90BF7D7B2}"
EndProject
Project("{FAE04EC0-301F-11D3-BF4B-00C04F79EFBC}") = "PrimeHolding.Tools", "PrimeHolding.Tools\PrimeHolding.Tools.csproj", "{D83F55A6-624C-48F0-BAC0-15605BAEC304}"
EndProject
Project("{FAE04EC0-301F-11D3-BF4B-00C04F79EFBC}") = "APIConsumer", "APIConsumer\APIConsumer.csproj", "{9C6748E3-A832-4809-AF21-D5E869A2F46F}"
	ProjectSection(ProjectDependencies) = postProject
		{D83F55A6-624C-48F0-BAC0-15605BAEC304} = {D83F55A6-624C-48F0-BAC0-15605BAEC304}
	EndProjectSection
EndProject
Global
	GlobalSection(SolutionConfigurationPlatforms) = preSolution
		Debug|Any CPU = Debug|Any CPU
		Release|Any CPU = Release|Any CPU
	EndGlobalSection
	GlobalSection(ProjectConfigurationPlatforms) = postSolution
		{166075DA-E5DE-40AF-9B38-4EB90BF7D7B2}.Debug|Any CPU.ActiveCfg = Debug|Any CPU
		{166075DA-E5DE-40AF-9B38-4EB90BF7D7B2}.Debug|Any CPU.Build.0 = Debug|Any CPU
		{166075DA-E5DE-40AF-9B38-4EB90BF7D7B2}.Release|Any CPU.ActiveCfg = Release|Any CPU
		{166075DA-E5DE-40AF-9B38-4EB90BF7D7B2}.Release|Any CPU.Build.0 = Release|Any CPU
		{D83F55A6-624C-48F0-BAC0-15605BAEC304}.Debug|Any CPU.ActiveCfg = Debug|Any CPU
		{D83F55A6-624C-48F0-BAC0-15605BAEC304}.Debug|Any CPU.Build.0 = Debug|Any CPU
		{D83F55A6-624C-48F0-BAC0-15605BAEC304}.Release|Any CPU.ActiveCfg = Release|Any CPU
		{D83F55A6-624C-48F0-BAC0-15605BAEC304}.Release|Any CPU.Build.0 = Release|Any CPU
		{9C6748E3-A832-4809-AF21-D5E869A2F46F}.Debug|Any CPU.ActiveCfg = Debug|Any CPU
		{9C6748E3-A832-4809-AF21-D5E869A2F46F}.Debug|Any CPU.Build.0 = Debug|Any CPU
		{9C6748E3-A832-4809-AF21-D5E869A2F46F}.Release|Any CPU.ActiveCfg = Release|Any CPU
		{9C6748E3-A832-4809-AF21-D5E869A2F46F}.Release|Any CPU.Build.0 = Release|Any CPU
	EndGlobalSection
	GlobalSection(SolutionProperties) = preSolution
		HideSolutionNode = FALSE
	EndGlobalSection
	GlobalSection(ExtensibilityGlobals) = postSolution
		SolutionGuid = {9514AAF5-57DE-47AB-A450-F9B945909F05}
	EndGlobalSection
EndGlobal
